
Microsoft Visual Studio Solution File, Format Version 12.00
# Visual Studio Version 17
VisualStudioVersion = 17.6.33829.357
MinimumVisualStudioVersion = 10.0.40219.1
Project("{FAE04EC0-301F-11D3-BF4B-00C04F79EFBC}") = "EmployeesHrApi", "EmployeesHrApi\EmployeesHrApi.csproj", "{80DD865C-70CE-4CA7-95FF-26AD2F84DAE1}"
EndProject
Global
	GlobalSection(SolutionConfigurationPlatforms) = preSolution
		Debug|Any CPU = Debug|Any CPU
		Release|Any CPU = Release|Any CPU
	EndGlobalSection
	GlobalSection(ProjectConfigurationPlatforms) = postSolution
		{80DD865C-70CE-4CA7-95FF-26AD2F84DAE1}.Debug|Any CPU.ActiveCfg = Debug|Any CPU
		{80DD865C-70CE-4CA7-95FF-26AD2F84DAE1}.Debug|Any CPU.Build.0 = Debug|Any CPU
		{80DD865C-70CE-4CA7-95FF-26AD2F84DAE1}.Release|Any CPU.ActiveCfg = Release|Any CPU
		{80DD865C-70CE-4CA7-95FF-26AD2F84DAE1}.Release|Any CPU.Build.0 = Release|Any CPU
	EndGlobalSection
	GlobalSection(SolutionProperties) = preSolution
		HideSolutionNode = FALSE
	EndGlobalSection
	GlobalSection(ExtensibilityGlobals) = postSolution
		SolutionGuid = {86255268-73B3-46BD-A821-FE27F37768F3}
	EndGlobalSection
EndGlobal
